<?xml version="1.0" encoding="utf-8"?>
<Project ToolsVersion="4.0" xmlns="http://schemas.microsoft.com/developer/msbuild/2003">
  <ItemGroup>
    <Filter Include="Source files">
      <UniqueIdentifier>{2be80e3f-2433-4738-b0a7-2ab232933f7d}</UniqueIdentifier>
      <Extensions>cpp;c;cc;cxx;def;odl;idl;hpj;bat;asm;asmx</Extensions>
    </Filter>
    <Filter Include="Resource files">
      <UniqueIdentifier>{371559d2-f2af-48bb-afcf-7f3a7eb5c944}</UniqueIdentifier>
      <Extensions>rc;ico;cur;bmp;dlg;rc2;rct;bin;rgs;gif;jpg;jpeg;jpe;resx;tiff;tif;png;wav</Extensions>
    </Filter>
    <Filter Include="Header files">
      <UniqueIdentifier>{dfa6620f-2821-4fdb-b337-f1b7b6b9a07a}</UniqueIdentifier>
      <Extensions>h;hpp;hxx;hm;inl;inc;xsd</Extensions>
    </Filter>
  </ItemGroup>
  <ItemGroup>
    <ClInclude Include="stdafx.h">
      <Filter>Header files</Filter>
    </ClInclude>
    <ClInclude Include="ddkList.h">
      <Filter>Header files</Filter>
    </ClInclude>
    <ClInclude Include="Mem.h">
      <Filter>Header files</Filter>
    </ClInclude>
  </ItemGroup>
  <ItemGroup>
    <ClCompile Include="stdafx.cpp">
      <Filter>Source files</Filter>
    </ClCompile>
    <ClCompile Include="ddkList.cpp">
      <Filter>Source files</Filter>
    </ClCompile>
  </ItemGroup>
  <ItemGroup>
    <None Include="$(ProjectDir)\sources" />
  </ItemGroup>
</Project>